
Microsoft Visual Studio Solution File, Format Version 11.00
# Visual Studio 2010
Project("{FAE04EC0-301F-11D3-BF4B-00C04F79EFBC}") = "Blind-Simulator-dad140b6a36af9e9888023942ef9b30c8f40cfe7", "Assembly-CSharp.csproj", "{06410067-476A-24B7-1319-425376CD52A6}"
EndProject
Global
	GlobalSection(SolutionConfigurationPlatforms) = preSolution
		Debug|Any CPU = Debug|Any CPU
		Release|Any CPU = Release|Any CPU
	EndGlobalSection
	GlobalSection(ProjectConfigurationPlatforms) = postSolution
		{06410067-476A-24B7-1319-425376CD52A6}.Debug|Any CPU.ActiveCfg = Debug|Any CPU
		{06410067-476A-24B7-1319-425376CD52A6}.Debug|Any CPU.Build.0 = Debug|Any CPU
		{06410067-476A-24B7-1319-425376CD52A6}.Release|Any CPU.ActiveCfg = Release|Any CPU
		{06410067-476A-24B7-1319-425376CD52A6}.Release|Any CPU.Build.0 = Release|Any CPU
	EndGlobalSection
	GlobalSection(SolutionProperties) = preSolution
		HideSolutionNode = FALSE
	EndGlobalSection
	GlobalSection(MonoDevelopProperties) = preSolution
		StartupItem = Assembly-CSharp.csproj
	EndGlobalSection
EndGlobal
